
Microsoft Visual Studio Solution File, Format Version 12.00
# Visual Studio 2012
Project("{E24C65DC-7377-472B-9ABA-BC803B73C61A}") = "ABASTECIMIENTOS", "..\..\WebSites\ABASTECIMIENTOS\", "{C6CB91DA-B707-46E3-8334-AF6C91C3BAA9}"
	ProjectSection(WebsiteProperties) = preProject
		SccProjectName = ""
		SccAuxPath = ""
		SccLocalPath = ""
		SccProvider = ""
		Frontpage = "false"
		TargetFrameworkMoniker = ".NETFramework,Version%3Dv4.0"
		ProjectReferences = "{DC64486C-763D-48FB-A6B3-DCE891B705E7}|ABASTECIMIENTOS_DATOS.dll;{7DE8CDB0-4460-4276-A16C-BFB144140F50}|ABASTECIMIENTOS_ENTIDADES.dll;{0430770D-9781-44BF-94E7-4624541E4963}|ABASTECIMIENTOS_NEGOCIO.dll;{3AA39EBA-95B5-490F-8AA1-BC54E9F476DC}|ABASTECIMIENTOS_WUC.dll;{4a665511-69f3-4c89-8c86-0455dcaa1b89}|SINAB_Entidades.dll;{240ED102-3556-4373-9F56-1D5F9B4838DF}|SINAB_Utils.dll;"
		Debug.AspNetCompiler.VirtualPath = "/Pennelope"
		Debug.AspNetCompiler.PhysicalPath = "..\..\WebSites\ABASTECIMIENTOS\"
		Debug.AspNetCompiler.TargetPath = "X:\sitios web\personales\Pennelope\"
		Debug.AspNetCompiler.Updateable = "false"
		Debug.AspNetCompiler.ForceOverwrite = "true"
		Debug.AspNetCompiler.FixedNames = "false"
		Debug.AspNetCompiler.Debug = "True"
		Release.AspNetCompiler.VirtualPath = "/Pennelope"
		Release.AspNetCompiler.PhysicalPath = "..\..\WebSites\ABASTECIMIENTOS\"
		Release.AspNetCompiler.TargetPath = "X:\sitios web\personales\Pennelope\"
		Release.AspNetCompiler.Updateable = "false"
		Release.AspNetCompiler.ForceOverwrite = "true"
		Release.AspNetCompiler.FixedNames = "false"
		Release.AspNetCompiler.Debug = "False"
		VWDPort = "2833"
		DefaultWebSiteLanguage = "Visual Basic"
	EndProjectSection
	ProjectSection(ProjectDependencies) = postProject
		{0430770D-9781-44BF-94E7-4624541E4963} = {0430770D-9781-44BF-94E7-4624541E4963}
		{DC64486C-763D-48FB-A6B3-DCE891B705E7} = {DC64486C-763D-48FB-A6B3-DCE891B705E7}
		{7DE8CDB0-4460-4276-A16C-BFB144140F50} = {7DE8CDB0-4460-4276-A16C-BFB144140F50}
		{3AA39EBA-95B5-490F-8AA1-BC54E9F476DC} = {3AA39EBA-95B5-490F-8AA1-BC54E9F476DC}
	EndProjectSection
EndProject
Project("{F184B08F-C81C-45F6-A57F-5ABD9991F28F}") = "ABASTECIMIENTOS_WUC", "ABASTECIMIENTOS_WUC\ABASTECIMIENTOS_WUC.vbproj", "{3AA39EBA-95B5-490F-8AA1-BC54E9F476DC}"
	ProjectSection(ProjectDependencies) = postProject
		{0430770D-9781-44BF-94E7-4624541E4963} = {0430770D-9781-44BF-94E7-4624541E4963}
		{DC64486C-763D-48FB-A6B3-DCE891B705E7} = {DC64486C-763D-48FB-A6B3-DCE891B705E7}
		{7DE8CDB0-4460-4276-A16C-BFB144140F50} = {7DE8CDB0-4460-4276-A16C-BFB144140F50}
	EndProjectSection
EndProject
Project("{F184B08F-C81C-45F6-A57F-5ABD9991F28F}") = "ABASTECIMIENTOS_NEGOCIO", "ABASTECIMIENTOS_NEGOCIO\ABASTECIMIENTOS_NEGOCIO.vbproj", "{0430770D-9781-44BF-94E7-4624541E4963}"
	ProjectSection(ProjectDependencies) = postProject
		{DC64486C-763D-48FB-A6B3-DCE891B705E7} = {DC64486C-763D-48FB-A6B3-DCE891B705E7}
		{7DE8CDB0-4460-4276-A16C-BFB144140F50} = {7DE8CDB0-4460-4276-A16C-BFB144140F50}
	EndProjectSection
EndProject
Project("{F184B08F-C81C-45F6-A57F-5ABD9991F28F}") = "ABASTECIMIENTOS_ENTIDADES", "ABASTECIMIENTOS_ENTIDADES\ABASTECIMIENTOS_ENTIDADES.vbproj", "{7DE8CDB0-4460-4276-A16C-BFB144140F50}"
EndProject
Project("{F184B08F-C81C-45F6-A57F-5ABD9991F28F}") = "ABASTECIMIENTOS_DATOS", "ABASTECIMIENTOS_DATOS\ABASTECIMIENTOS_DATOS.vbproj", "{DC64486C-763D-48FB-A6B3-DCE891B705E7}"
EndProject
Project("{2150E333-8FDC-42A3-9474-1A3956D46DE8}") = "CapasAntiguas", "CapasAntiguas", "{BE8B3A93-9581-4AEE-B844-7DF13876E9FE}"
EndProject
Project("{FAE04EC0-301F-11D3-BF4B-00C04F79EFBC}") = "SINAB_Entidades", "..\SINAB_Entidades\SINAB_Entidades.csproj", "{4A665511-69F3-4C89-8C86-0455DCAA1B89}"
EndProject
Project("{FAE04EC0-301F-11D3-BF4B-00C04F79EFBC}") = "SINAB_Utils", "..\SINAB_Utils\SINAB_Utils.csproj", "{240ED102-3556-4373-9F56-1D5F9B4838DF}"
EndProject
Project("{2150E333-8FDC-42A3-9474-1A3956D46DE8}") = ".nuget", ".nuget", "{E3843F90-5D45-4261-A748-3D44C5013D19}"
	ProjectSection(SolutionItems) = preProject
		.nuget\NuGet.Config = .nuget\NuGet.Config
		.nuget\NuGet.exe = .nuget\NuGet.exe
		.nuget\NuGet.targets = .nuget\NuGet.targets
	EndProjectSection
EndProject
Global
	GlobalSection(SolutionConfigurationPlatforms) = preSolution
		Debug|.NET = Debug|.NET
		Debug|Any CPU = Debug|Any CPU
		Debug|Mixed Platforms = Debug|Mixed Platforms
		Debug|x86 = Debug|x86
		Release|.NET = Release|.NET
		Release|Any CPU = Release|Any CPU
		Release|Mixed Platforms = Release|Mixed Platforms
		Release|x86 = Release|x86
	EndGlobalSection
	GlobalSection(ProjectConfigurationPlatforms) = postSolution
		{C6CB91DA-B707-46E3-8334-AF6C91C3BAA9}.Debug|.NET.ActiveCfg = Debug|Any CPU
		{C6CB91DA-B707-46E3-8334-AF6C91C3BAA9}.Debug|Any CPU.ActiveCfg = Debug|Any CPU
		{C6CB91DA-B707-46E3-8334-AF6C91C3BAA9}.Debug|Mixed Platforms.ActiveCfg = Debug|Any CPU
		{C6CB91DA-B707-46E3-8334-AF6C91C3BAA9}.Debug|Mixed Platforms.Build.0 = Debug|Any CPU
		{C6CB91DA-B707-46E3-8334-AF6C91C3BAA9}.Debug|x86.ActiveCfg = Debug|Any CPU
		{C6CB91DA-B707-46E3-8334-AF6C91C3BAA9}.Debug|x86.Build.0 = Debug|Any CPU
		{C6CB91DA-B707-46E3-8334-AF6C91C3BAA9}.Release|.NET.ActiveCfg = Debug|Any CPU
		{C6CB91DA-B707-46E3-8334-AF6C91C3BAA9}.Release|Any CPU.ActiveCfg = Debug|Any CPU
		{C6CB91DA-B707-46E3-8334-AF6C91C3BAA9}.Release|Any CPU.Build.0 = Debug|Any CPU
		{C6CB91DA-B707-46E3-8334-AF6C91C3BAA9}.Release|Mixed Platforms.ActiveCfg = Debug|Any CPU
		{C6CB91DA-B707-46E3-8334-AF6C91C3BAA9}.Release|Mixed Platforms.Build.0 = Debug|Any CPU
		{C6CB91DA-B707-46E3-8334-AF6C91C3BAA9}.Release|x86.ActiveCfg = Debug|Any CPU
		{3AA39EBA-95B5-490F-8AA1-BC54E9F476DC}.Debug|.NET.ActiveCfg = Debug|Any CPU
		{3AA39EBA-95B5-490F-8AA1-BC54E9F476DC}.Debug|Any CPU.ActiveCfg = Debug|Any CPU
		{3AA39EBA-95B5-490F-8AA1-BC54E9F476DC}.Debug|Any CPU.Build.0 = Debug|Any CPU
		{3AA39EBA-95B5-490F-8AA1-BC54E9F476DC}.Debug|Mixed Platforms.ActiveCfg = Debug|x86
		{3AA39EBA-95B5-490F-8AA1-BC54E9F476DC}.Debug|Mixed Platforms.Build.0 = Debug|x86
		{3AA39EBA-95B5-490F-8AA1-BC54E9F476DC}.Debug|x86.ActiveCfg = Debug|x86
		{3AA39EBA-95B5-490F-8AA1-BC54E9F476DC}.Debug|x86.Build.0 = Debug|x86
		{3AA39EBA-95B5-490F-8AA1-BC54E9F476DC}.Release|.NET.ActiveCfg = Release|Any CPU
		{3AA39EBA-95B5-490F-8AA1-BC54E9F476DC}.Release|Any CPU.ActiveCfg = Release|Any CPU
		{3AA39EBA-95B5-490F-8AA1-BC54E9F476DC}.Release|Any CPU.Build.0 = Release|Any CPU
		{3AA39EBA-95B5-490F-8AA1-BC54E9F476DC}.Release|Mixed Platforms.ActiveCfg = Release|Any CPU
		{3AA39EBA-95B5-490F-8AA1-BC54E9F476DC}.Release|Mixed Platforms.Build.0 = Release|Any CPU
		{3AA39EBA-95B5-490F-8AA1-BC54E9F476DC}.Release|x86.ActiveCfg = Release|x86
		{3AA39EBA-95B5-490F-8AA1-BC54E9F476DC}.Release|x86.Build.0 = Release|x86
		{0430770D-9781-44BF-94E7-4624541E4963}.Debug|.NET.ActiveCfg = Debug|Any CPU
		{0430770D-9781-44BF-94E7-4624541E4963}.Debug|Any CPU.ActiveCfg = Debug|Any CPU
		{0430770D-9781-44BF-94E7-4624541E4963}.Debug|Any CPU.Build.0 = Debug|Any CPU
		{0430770D-9781-44BF-94E7-4624541E4963}.Debug|Mixed Platforms.ActiveCfg = Debug|x86
		{0430770D-9781-44BF-94E7-4624541E4963}.Debug|Mixed Platforms.Build.0 = Debug|x86
		{0430770D-9781-44BF-94E7-4624541E4963}.Debug|x86.ActiveCfg = Debug|x86
		{0430770D-9781-44BF-94E7-4624541E4963}.Debug|x86.Build.0 = Debug|x86
		{0430770D-9781-44BF-94E7-4624541E4963}.Release|.NET.ActiveCfg = Release|Any CPU
		{0430770D-9781-44BF-94E7-4624541E4963}.Release|Any CPU.ActiveCfg = Release|Any CPU
		{0430770D-9781-44BF-94E7-4624541E4963}.Release|Any CPU.Build.0 = Release|Any CPU
		{0430770D-9781-44BF-94E7-4624541E4963}.Release|Mixed Platforms.ActiveCfg = Release|Any CPU
		{0430770D-9781-44BF-94E7-4624541E4963}.Release|Mixed Platforms.Build.0 = Release|Any CPU
		{0430770D-9781-44BF-94E7-4624541E4963}.Release|x86.ActiveCfg = Release|x86
		{0430770D-9781-44BF-94E7-4624541E4963}.Release|x86.Build.0 = Release|x86
		{7DE8CDB0-4460-4276-A16C-BFB144140F50}.Debug|.NET.ActiveCfg = Debug|Any CPU
		{7DE8CDB0-4460-4276-A16C-BFB144140F50}.Debug|Any CPU.ActiveCfg = Debug|Any CPU
		{7DE8CDB0-4460-4276-A16C-BFB144140F50}.Debug|Any CPU.Build.0 = Debug|Any CPU
		{7DE8CDB0-4460-4276-A16C-BFB144140F50}.Debug|Mixed Platforms.ActiveCfg = Debug|x86
		{7DE8CDB0-4460-4276-A16C-BFB144140F50}.Debug|Mixed Platforms.Build.0 = Debug|x86
		{7DE8CDB0-4460-4276-A16C-BFB144140F50}.Debug|x86.ActiveCfg = Debug|x86
		{7DE8CDB0-4460-4276-A16C-BFB144140F50}.Debug|x86.Build.0 = Debug|x86
		{7DE8CDB0-4460-4276-A16C-BFB144140F50}.Release|.NET.ActiveCfg = Release|Any CPU
		{7DE8CDB0-4460-4276-A16C-BFB144140F50}.Release|Any CPU.ActiveCfg = Release|Any CPU
		{7DE8CDB0-4460-4276-A16C-BFB144140F50}.Release|Any CPU.Build.0 = Release|Any CPU
		{7DE8CDB0-4460-4276-A16C-BFB144140F50}.Release|Mixed Platforms.ActiveCfg = Release|Any CPU
		{7DE8CDB0-4460-4276-A16C-BFB144140F50}.Release|Mixed Platforms.Build.0 = Release|Any CPU
		{7DE8CDB0-4460-4276-A16C-BFB144140F50}.Release|x86.ActiveCfg = Release|x86
		{7DE8CDB0-4460-4276-A16C-BFB144140F50}.Release|x86.Build.0 = Release|x86
		{DC64486C-763D-48FB-A6B3-DCE891B705E7}.Debug|.NET.ActiveCfg = Debug|Any CPU
		{DC64486C-763D-48FB-A6B3-DCE891B705E7}.Debug|Any CPU.ActiveCfg = Debug|Any CPU
		{DC64486C-763D-48FB-A6B3-DCE891B705E7}.Debug|Any CPU.Build.0 = Debug|Any CPU
		{DC64486C-763D-48FB-A6B3-DCE891B705E7}.Debug|Mixed Platforms.ActiveCfg = Debug|x86
		{DC64486C-763D-48FB-A6B3-DCE891B705E7}.Debug|Mixed Platforms.Build.0 = Debug|x86
		{DC64486C-763D-48FB-A6B3-DCE891B705E7}.Debug|x86.ActiveCfg = Debug|x86
		{DC64486C-763D-48FB-A6B3-DCE891B705E7}.Debug|x86.Build.0 = Debug|x86
		{DC64486C-763D-48FB-A6B3-DCE891B705E7}.Release|.NET.ActiveCfg = Release|Any CPU
		{DC64486C-763D-48FB-A6B3-DCE891B705E7}.Release|Any CPU.ActiveCfg = Release|Any CPU
		{DC64486C-763D-48FB-A6B3-DCE891B705E7}.Release|Any CPU.Build.0 = Release|Any CPU
		{DC64486C-763D-48FB-A6B3-DCE891B705E7}.Release|Mixed Platforms.ActiveCfg = Release|Any CPU
		{DC64486C-763D-48FB-A6B3-DCE891B705E7}.Release|Mixed Platforms.Build.0 = Release|Any CPU
		{DC64486C-763D-48FB-A6B3-DCE891B705E7}.Release|x86.ActiveCfg = Release|x86
		{DC64486C-763D-48FB-A6B3-DCE891B705E7}.Release|x86.Build.0 = Release|x86
		{4A665511-69F3-4C89-8C86-0455DCAA1B89}.Debug|.NET.ActiveCfg = Debug|Any CPU
		{4A665511-69F3-4C89-8C86-0455DCAA1B89}.Debug|Any CPU.ActiveCfg = Debug|Any CPU
		{4A665511-69F3-4C89-8C86-0455DCAA1B89}.Debug|Any CPU.Build.0 = Debug|Any CPU
		{4A665511-69F3-4C89-8C86-0455DCAA1B89}.Debug|Mixed Platforms.ActiveCfg = Debug|x86
		{4A665511-69F3-4C89-8C86-0455DCAA1B89}.Debug|Mixed Platforms.Build.0 = Debug|x86
		{4A665511-69F3-4C89-8C86-0455DCAA1B89}.Debug|x86.ActiveCfg = Debug|x86
		{4A665511-69F3-4C89-8C86-0455DCAA1B89}.Debug|x86.Build.0 = Debug|x86
		{4A665511-69F3-4C89-8C86-0455DCAA1B89}.Release|.NET.ActiveCfg = Release|Any CPU
		{4A665511-69F3-4C89-8C86-0455DCAA1B89}.Release|Any CPU.ActiveCfg = Release|Any CPU
		{4A665511-69F3-4C89-8C86-0455DCAA1B89}.Release|Any CPU.Build.0 = Release|Any CPU
		{4A665511-69F3-4C89-8C86-0455DCAA1B89}.Release|Mixed Platforms.ActiveCfg = Release|x86
		{4A665511-69F3-4C89-8C86-0455DCAA1B89}.Release|Mixed Platforms.Build.0 = Release|x86
		{4A665511-69F3-4C89-8C86-0455DCAA1B89}.Release|x86.ActiveCfg = Release|x86
		{4A665511-69F3-4C89-8C86-0455DCAA1B89}.Release|x86.Build.0 = Release|x86
		{240ED102-3556-4373-9F56-1D5F9B4838DF}.Debug|.NET.ActiveCfg = Debug|Any CPU
		{240ED102-3556-4373-9F56-1D5F9B4838DF}.Debug|Any CPU.ActiveCfg = Debug|Any CPU
		{240ED102-3556-4373-9F56-1D5F9B4838DF}.Debug|Any CPU.Build.0 = Debug|Any CPU
		{240ED102-3556-4373-9F56-1D5F9B4838DF}.Debug|Mixed Platforms.ActiveCfg = Debug|x86
		{240ED102-3556-4373-9F56-1D5F9B4838DF}.Debug|Mixed Platforms.Build.0 = Debug|x86
		{240ED102-3556-4373-9F56-1D5F9B4838DF}.Debug|x86.ActiveCfg = Debug|x86
		{240ED102-3556-4373-9F56-1D5F9B4838DF}.Debug|x86.Build.0 = Debug|x86
		{240ED102-3556-4373-9F56-1D5F9B4838DF}.Release|.NET.ActiveCfg = Release|Any CPU
		{240ED102-3556-4373-9F56-1D5F9B4838DF}.Release|Any CPU.ActiveCfg = Release|Any CPU
		{240ED102-3556-4373-9F56-1D5F9B4838DF}.Release|Any CPU.Build.0 = Release|Any CPU
		{240ED102-3556-4373-9F56-1D5F9B4838DF}.Release|Mixed Platforms.ActiveCfg = Release|x86
		{240ED102-3556-4373-9F56-1D5F9B4838DF}.Release|Mixed Platforms.Build.0 = Release|x86
		{240ED102-3556-4373-9F56-1D5F9B4838DF}.Release|x86.ActiveCfg = Release|x86
		{240ED102-3556-4373-9F56-1D5F9B4838DF}.Release|x86.Build.0 = Release|x86
	EndGlobalSection
	GlobalSection(SolutionProperties) = preSolution
		HideSolutionNode = FALSE
	EndGlobalSection
	GlobalSection(NestedProjects) = preSolution
		{0430770D-9781-44BF-94E7-4624541E4963} = {BE8B3A93-9581-4AEE-B844-7DF13876E9FE}
		{7DE8CDB0-4460-4276-A16C-BFB144140F50} = {BE8B3A93-9581-4AEE-B844-7DF13876E9FE}
		{DC64486C-763D-48FB-A6B3-DCE891B705E7} = {BE8B3A93-9581-4AEE-B844-7DF13876E9FE}
		{3AA39EBA-95B5-490F-8AA1-BC54E9F476DC} = {BE8B3A93-9581-4AEE-B844-7DF13876E9FE}
	EndGlobalSection
EndGlobal
